
Microsoft Visual Studio Solution File, Format Version 12.00
# Visual Studio Version 17
VisualStudioVersion = 17.4.33213.308
MinimumVisualStudioVersion = 10.0.40219.1
Project("{FAE04EC0-301F-11D3-BF4B-00C04F79EFBC}") = "sample_crud_be", "LoginRegistrationApp\sample_crud_be.csproj", "{DB65B9F5-1F8A-43EC-8022-9F6F164D9479}"
EndProject
Global
	GlobalSection(SolutionConfigurationPlatforms) = preSolution
		Debug|Any CPU = Debug|Any CPU
		Release|Any CPU = Release|Any CPU
	EndGlobalSection
	GlobalSection(ProjectConfigurationPlatforms) = postSolution
		{DB65B9F5-1F8A-43EC-8022-9F6F164D9479}.Debug|Any CPU.ActiveCfg = Debug|Any CPU
		{DB65B9F5-1F8A-43EC-8022-9F6F164D9479}.Debug|Any CPU.Build.0 = Debug|Any CPU
		{DB65B9F5-1F8A-43EC-8022-9F6F164D9479}.Release|Any CPU.ActiveCfg = Release|Any CPU
		{DB65B9F5-1F8A-43EC-8022-9F6F164D9479}.Release|Any CPU.Build.0 = Release|Any CPU
	EndGlobalSection
	GlobalSection(SolutionProperties) = preSolution
		HideSolutionNode = FALSE
	EndGlobalSection
	GlobalSection(ExtensibilityGlobals) = postSolution
		SolutionGuid = {304238FC-77C8-4C2B-871E-E5C41412EC25}
	EndGlobalSection
EndGlobal
